// !$*UTF8*$!
{
	archiveVersion = 1;
	classes = {
	};
	objectVersion = 50;
	objects = {

/* Begin PBXBuildFile section */
		A8B789D22474694700828258 /* AppDelegate.swift in Sources */ = {isa = PBXBuildFile; fileRef = A8B789D12474694700828258 /* AppDelegate.swift */; };
		A8B789D42474694700828258 /* SceneDelegate.swift in Sources */ = {isa = PBXBuildFile; fileRef = A8B789D32474694700828258 /* SceneDelegate.swift */; };
		A8B789D72474694700828258 /* SwiftUICombineDemo.xcdatamodeld in Sources */ = {isa = PBXBuildFile; fileRef = A8B789D52474694700828258 /* SwiftUICombineDemo.xcdatamodeld */; };
		A8B789D92474694700828258 /* ContentView.swift in Sources */ = {isa = PBXBuildFile; fileRef = A8B789D82474694700828258 /* ContentView.swift */; };
		A8B789DB2474694800828258 /* Assets.xcassets in Resources */ = {isa = PBXBuildFile; fileRef = A8B789DA2474694800828258 /* Assets.xcassets */; };
		A8B789DE2474694800828258 /* Preview Assets.xcassets in Resources */ = {isa = PBXBuildFile; fileRef = A8B789DD2474694800828258 /* Preview Assets.xcassets */; };
		A8B789E12474694800828258 /* LaunchScreen.storyboard in Resources */ = {isa = PBXBuildFile; fileRef = A8B789DF2474694800828258 /* LaunchScreen.storyboard */; };
		A8B789ED2474698B00828258 /* LoginView.swift in Sources */ = {isa = PBXBuildFile; fileRef = A8B789EA2474698B00828258 /* LoginView.swift */; };
		A8B789EE2474698B00828258 /* LoginViewController.xib in Resources */ = {isa = PBXBuildFile; fileRef = A8B789EB2474698B00828258 /* LoginViewController.xib */; };
		A8B789EF2474698B00828258 /* LoginViewController.swift in Sources */ = {isa = PBXBuildFile; fileRef = A8B789EC2474698B00828258 /* LoginViewController.swift */; };
		A8B789FB2474699C00828258 /* EmployeeViewModel.swift in Sources */ = {isa = PBXBuildFile; fileRef = A8B789F22474699C00828258 /* EmployeeViewModel.swift */; };
		A8B789FD2474699C00828258 /* Employee.swift in Sources */ = {isa = PBXBuildFile; fileRef = A8B789F52474699C00828258 /* Employee.swift */; };
		A8B789FE2474699C00828258 /* DetailView.swift in Sources */ = {isa = PBXBuildFile; fileRef = A8B789F72474699C00828258 /* DetailView.swift */; };
		A8B789FF2474699C00828258 /* ItemCell.swift in Sources */ = {isa = PBXBuildFile; fileRef = A8B789F82474699C00828258 /* ItemCell.swift */; };
		A8B78A002474699C00828258 /* ListView.swift in Sources */ = {isa = PBXBuildFile; fileRef = A8B789F92474699C00828258 /* ListView.swift */; };
		A8B78A012474699C00828258 /* WebView.swift in Sources */ = {isa = PBXBuildFile; fileRef = A8B789FA2474699C00828258 /* WebView.swift */; };
		A8B78A0A2475380900828258 /* ViewModel.swift in Sources */ = {isa = PBXBuildFile; fileRef = A8B78A092475380900828258 /* ViewModel.swift */; };
/* End PBXBuildFile section */

/* Begin PBXFileReference section */
		A8B789CE2474694700828258 /* SwiftUICombineDemo.app */ = {isa = PBXFileReference; explicitFileType = wrapper.application; includeInIndex = 0; path = SwiftUICombineDemo.app; sourceTree = BUILT_PRODUCTS_DIR; };
		A8B789D12474694700828258 /* AppDelegate.swift */ = {isa = PBXFileReference; lastKnownFileType = sourcecode.swift; path = AppDelegate.swift; sourceTree = "<group>"; };
		A8B789D32474694700828258 /* SceneDelegate.swift */ = {isa = PBXFileReference; lastKnownFileType = sourcecode.swift; path = SceneDelegate.swift; sourceTree = "<group>"; };
		A8B789D62474694700828258 /* SwiftUICombineDemo.xcdatamodel */ = {isa = PBXFileReference; lastKnownFileType = wrapper.xcdatamodel; path = SwiftUICombineDemo.xcdatamodel; sourceTree = "<group>"; };
		A8B789D82474694700828258 /* ContentView.swift */ = {isa = PBXFileReference; lastKnownFileType = sourcecode.swift; path = ContentView.swift; sourceTree = "<group>"; };
		A8B789DA2474694800828258 /* Assets.xcassets */ = {isa = PBXFileReference; lastKnownFileType = folder.assetcatalog; path = Assets.xcassets; sourceTree = "<group>"; };
		A8B789DD2474694800828258 /* Preview Assets.xcassets */ = {isa = PBXFileReference; lastKnownFileType = folder.assetcatalog; path = "Preview Assets.xcassets"; sourceTree = "<group>"; };
		A8B789E02474694800828258 /* Base */ = {isa = PBXFileReference; lastKnownFileType = file.storyboard; name = Base; path = Base.lproj/LaunchScreen.storyboard; sourceTree = "<group>"; };
		A8B789E22474694800828258 /* Info.plist */ = {isa = PBXFileReference; lastKnownFileType = text.plist.xml; path = Info.plist; sourceTree = "<group>"; };
		A8B789EA2474698B00828258 /* LoginView.swift */ = {isa = PBXFileReference; fileEncoding = 4; lastKnownFileType = sourcecode.swift; path = LoginView.swift; sourceTree = "<group>"; };
		A8B789EB2474698B00828258 /* LoginViewController.xib */ = {isa = PBXFileReference; fileEncoding = 4; lastKnownFileType = file.xib; path = LoginViewController.xib; sourceTree = "<group>"; };
		A8B789EC2474698B00828258 /* LoginViewController.swift */ = {isa = PBXFileReference; fileEncoding = 4; lastKnownFileType = sourcecode.swift; path = LoginViewController.swift; sourceTree = "<group>"; };
		A8B789F22474699C00828258 /* EmployeeViewModel.swift */ = {isa = PBXFileReference; fileEncoding = 4; lastKnownFileType = sourcecode.swift; path = EmployeeViewModel.swift; sourceTree = "<group>"; };
		A8B789F52474699C00828258 /* Employee.swift */ = {isa = PBXFileReference; fileEncoding = 4; lastKnownFileType = sourcecode.swift; path = Employee.swift; sourceTree = "<group>"; };
		A8B789F72474699C00828258 /* DetailView.swift */ = {isa = PBXFileReference; fileEncoding = 4; lastKnownFileType = sourcecode.swift; path = DetailView.swift; sourceTree = "<group>"; };
		A8B789F82474699C00828258 /* ItemCell.swift */ = {isa = PBXFileReference; fileEncoding = 4; lastKnownFileType = sourcecode.swift; path = ItemCell.swift; sourceTree = "<group>"; };
		A8B789F92474699C00828258 /* ListView.swift */ = {isa = PBXFileReference; fileEncoding = 4; lastKnownFileType = sourcecode.swift; path = ListView.swift; sourceTree = "<group>"; };
		A8B789FA2474699C00828258 /* WebView.swift */ = {isa = PBXFileReference; fileEncoding = 4; lastKnownFileType = sourcecode.swift; path = WebView.swift; sourceTree = "<group>"; };
		A8B78A092475380900828258 /* ViewModel.swift */ = {isa = PBXFileReference; lastKnownFileType = sourcecode.swift; path = ViewModel.swift; sourceTree = "<group>"; };
/* End PBXFileReference section */

/* Begin PBXFrameworksBuildPhase section */
		A8B789CB2474694700828258 /* Frameworks */ = {
			isa = PBXFrameworksBuildPhase;
			buildActionMask = 2147483647;
			files = (
			);
			runOnlyForDeploymentPostprocessing = 0;
		};
/* End PBXFrameworksBuildPhase section */

/* Begin PBXGroup section */
		A8B789C52474694700828258 = {
			isa = PBXGroup;
			children = (
				A8B789D02474694700828258 /* SwiftUICombineDemo */,
				A8B789CF2474694700828258 /* Products */,
			);
			sourceTree = "<group>";
		};
		A8B789CF2474694700828258 /* Products */ = {
			isa = PBXGroup;
			children = (
				A8B789CE2474694700828258 /* SwiftUICombineDemo.app */,
			);
			name = Products;
			sourceTree = "<group>";
		};
		A8B789D02474694700828258 /* SwiftUICombineDemo */ = {
			isa = PBXGroup;
			children = (
				A8B789D12474694700828258 /* AppDelegate.swift */,
				A8B789D32474694700828258 /* SceneDelegate.swift */,
				A8B78A02247469A100828258 /* Module */,
				A8B789D82474694700828258 /* ContentView.swift */,
				A8B789DA2474694800828258 /* Assets.xcassets */,
				A8B789DF2474694800828258 /* LaunchScreen.storyboard */,
				A8B789E22474694800828258 /* Info.plist */,
				A8B789D52474694700828258 /* SwiftUICombineDemo.xcdatamodeld */,
				A8B789DC2474694800828258 /* Preview Content */,
			);
			path = SwiftUICombineDemo;
			sourceTree = "<group>";
		};
		A8B789DC2474694800828258 /* Preview Content */ = {
			isa = PBXGroup;
			children = (
				A8B789DD2474694800828258 /* Preview Assets.xcassets */,
			);
			path = "Preview Content";
			sourceTree = "<group>";
		};
		A8B789E82474697600828258 /* Login */ = {
			isa = PBXGroup;
			children = (
				A8B789E92474698B00828258 /* View */,
				A8B78A092475380900828258 /* ViewModel.swift */,
			);
			path = Login;
			sourceTree = "<group>";
		};
		A8B789E92474698B00828258 /* View */ = {
			isa = PBXGroup;
			children = (
				A8B789EA2474698B00828258 /* LoginView.swift */,
				A8B789EC2474698B00828258 /* LoginViewController.swift */,
				A8B789EB2474698B00828258 /* LoginViewController.xib */,
			);
			path = View;
			sourceTree = "<group>";
		};
		A8B789F02474699C00828258 /* List */ = {
			isa = PBXGroup;
			children = (
				A8B789F12474699C00828258 /* ViewModel */,
				A8B789F32474699C00828258 /* Model */,
				A8B789F62474699C00828258 /* View */,
			);
			path = List;
			sourceTree = "<group>";
		};
		A8B789F12474699C00828258 /* ViewModel */ = {
			isa = PBXGroup;
			children = (
				A8B789F22474699C00828258 /* EmployeeViewModel.swift */,
			);
			path = ViewModel;
			sourceTree = "<group>";
		};
		A8B789F32474699C00828258 /* Model */ = {
			isa = PBXGroup;
			children = (
				A8B789F52474699C00828258 /* Employee.swift */,
			);
			path = Model;
			sourceTree = "<group>";
		};
		A8B789F62474699C00828258 /* View */ = {
			isa = PBXGroup;
			children = (
				A8B789F92474699C00828258 /* ListView.swift */,
				A8B789F82474699C00828258 /* ItemCell.swift */,
				A8B789F72474699C00828258 /* DetailView.swift */,
				A8B789FA2474699C00828258 /* WebView.swift */,
			);
			path = View;
			sourceTree = "<group>";
		};
		A8B78A02247469A100828258 /* Module */ = {
			isa = PBXGroup;
			children = (
				A8B789E82474697600828258 /* Login */,
				A8B789F02474699C00828258 /* List */,
			);
			path = Module;
			sourceTree = "<group>";
		};
/* End PBXGroup section */

/* Begin PBXNativeTarget section */
		A8B789CD2474694700828258 /* SwiftUICombineDemo */ = {
			isa = PBXNativeTarget;
			buildConfigurationList = A8B789E52474694800828258 /* Build configuration list for PBXNativeTarget "SwiftUICombineDemo" */;
			buildPhases = (
				A8B789CA2474694700828258 /* Sources */,
				A8B789CB2474694700828258 /* Frameworks */,
				A8B789CC2474694700828258 /* Resources */,
			);
			buildRules = (
			);
			dependencies = (
			);
			name = SwiftUICombineDemo;
			productName = SwiftUICombineDemo;
			productReference = A8B789CE2474694700828258 /* SwiftUICombineDemo.app */;
			productType = "com.apple.product-type.application";
		};
/* End PBXNativeTarget section */

/* Begin PBXProject section */
		A8B789C62474694700828258 /* Project object */ = {
			isa = PBXProject;
			attributes = {
				LastSwiftUpdateCheck = 1130;
				LastUpgradeCheck = 1130;
				ORGANIZATIONNAME = Deloitte;
				TargetAttributes = {
					A8B789CD2474694700828258 = {
						CreatedOnToolsVersion = 11.3.1;
					};
				};
			};
			buildConfigurationList = A8B789C92474694700828258 /* Build configuration list for PBXProject "SwiftUICombineDemo" */;
			compatibilityVersion = "Xcode 9.3";
			developmentRegion = en;
			hasScannedForEncodings = 0;
			knownRegions = (
				en,
				Base,
			);
			mainGroup = A8B789C52474694700828258;
			productRefGroup = A8B789CF2474694700828258 /* Products */;
			projectDirPath = "";
			projectRoot = "";
			targets = (
				A8B789CD2474694700828258 /* SwiftUICombineDemo */,
			);
		};
/* End PBXProject section */

/* Begin PBXResourcesBuildPhase section */
		A8B789CC2474694700828258 /* Resources */ = {
			isa = PBXResourcesBuildPhase;
			buildActionMask = 2147483647;
			files = (
				A8B789EE2474698B00828258 /* LoginViewController.xib in Resources */,
				A8B789E12474694800828258 /* LaunchScreen.storyboard in Resources */,
				A8B789DE2474694800828258 /* Preview Assets.xcassets in Resources */,
				A8B789DB2474694800828258 /* Assets.xcassets in Resources */,
			);
			runOnlyForDeploymentPostprocessing = 0;
		};
/* End PBXResourcesBuildPhase section */

/* Begin PBXSourcesBuildPhase section */
		A8B789CA2474694700828258 /* Sources */ = {
			isa = PBXSourcesBuildPhase;
			buildActionMask = 2147483647;
			files = (
				A8B789EF2474698B00828258 /* LoginViewController.swift in Sources */,
				A8B789FD2474699C00828258 /* Employee.swift in Sources */,
				A8B78A012474699C00828258 /* WebView.swift in Sources */,
				A8B789D22474694700828258 /* AppDelegate.swift in Sources */,
				A8B789FF2474699C00828258 /* ItemCell.swift in Sources */,
				A8B789FE2474699C00828258 /* DetailView.swift in Sources */,
				A8B78A0A2475380900828258 /* ViewModel.swift in Sources */,
				A8B789FB2474699C00828258 /* EmployeeViewModel.swift in Sources */,
				A8B789D72474694700828258 /* SwiftUICombineDemo.xcdatamodeld in Sources */,
				A8B78A002474699C00828258 /* ListView.swift in Sources */,
				A8B789D92474694700828258 /* ContentView.swift in Sources */,
				A8B789ED2474698B00828258 /* LoginView.swift in Sources */,
				A8B789D42474694700828258 /* SceneDelegate.swift in Sources */,
			);
			runOnlyForDeploymentPostprocessing = 0;
		};
/* End PBXSourcesBuildPhase section */

/* Begin PBXVariantGroup section */
		A8B789DF2474694800828258 /* LaunchScreen.storyboard */ = {
			isa = PBXVariantGroup;
			children = (
				A8B789E02474694800828258 /* Base */,
			);
			name = LaunchScreen.storyboard;
			sourceTree = "<group>";
		};
/* End PBXVariantGroup section */

/* Begin XCBuildConfiguration section */
		A8B789E32474694800828258 /* Debug */ = {
			isa = XCBuildConfiguration;
			buildSettings = {
				ALWAYS_SEARCH_USER_PATHS = NO;
				CLANG_ANALYZER_NONNULL = YES;
				CLANG_ANALYZER_NUMBER_OBJECT_CONVERSION = YES_AGGRESSIVE;
				CLANG_CXX_LANGUAGE_STANDARD = "gnu++14";
				CLANG_CXX_LIBRARY = "libc++";
				CLANG_ENABLE_MODULES = YES;
				CLANG_ENABLE_OBJC_ARC = YES;
				CLANG_ENABLE_OBJC_WEAK = YES;
				CLANG_WARN_BLOCK_CAPTURE_AUTORELEASING = YES;
				CLANG_WARN_BOOL_CONVERSION = YES;
				CLANG_WARN_COMMA = YES;
				CLANG_WARN_CONSTANT_CONVERSION = YES;
				CLANG_WARN_DEPRECATED_OBJC_IMPLEMENTATIONS = YES;
				CLANG_WARN_DIRECT_OBJC_ISA_USAGE = YES_ERROR;
				CLANG_WARN_DOCUMENTATION_COMMENTS = YES;
				CLANG_WARN_EMPTY_BODY = YES;
				CLANG_WARN_ENUM_CONVERSION = YES;
				CLANG_WARN_INFINITE_RECURSION = YES;
				CLANG_WARN_INT_CONVERSION = YES;
				CLANG_WARN_NON_LITERAL_NULL_CONVERSION = YES;
				CLANG_WARN_OBJC_IMPLICIT_RETAIN_SELF = YES;
				CLANG_WARN_OBJC_LITERAL_CONVERSION = YES;
				CLANG_WARN_OBJC_ROOT_CLASS = YES_ERROR;
				CLANG_WARN_RANGE_LOOP_ANALYSIS = YES;
				CLANG_WARN_STRICT_PROTOTYPES = YES;
				CLANG_WARN_SUSPICIOUS_MOVE = YES;
				CLANG_WARN_UNGUARDED_AVAILABILITY = YES_AGGRESSIVE;
				CLANG_WARN_UNREACHABLE_CODE = YES;
				CLANG_WARN__DUPLICATE_METHOD_MATCH = YES;
				COPY_PHASE_STRIP = NO;
				DEBUG_INFORMATION_FORMAT = dwarf;
				ENABLE_STRICT_OBJC_MSGSEND = YES;
				ENABLE_TESTABILITY = YES;
				GCC_C_LANGUAGE_STANDARD = gnu11;
				GCC_DYNAMIC_NO_PIC = NO;
				GCC_NO_COMMON_BLOCKS = YES;
				GCC_OPTIMIZATION_LEVEL = 0;
				GCC_PREPROCESSOR_DEFINITIONS = (
					"DEBUG=1",
					"$(inherited)",
				);
				GCC_WARN_64_TO_32_BIT_CONVERSION = YES;
				GCC_WARN_ABOUT_RETURN_TYPE = YES_ERROR;
				GCC_WARN_UNDECLARED_SELECTOR = YES;
				GCC_WARN_UNINITIALIZED_AUTOS = YES_AGGRESSIVE;
				GCC_WARN_UNUSED_FUNCTION = YES;
				GCC_WARN_UNUSED_VARIABLE = YES;
				IPHONEOS_DEPLOYMENT_TARGET = 13.2;
				MTL_ENABLE_DEBUG_INFO = INCLUDE_SOURCE;
				MTL_FAST_MATH = YES;
				ONLY_ACTIVE_ARCH = YES;
				SDKROOT = iphoneos;
				SWIFT_ACTIVE_COMPILATION_CONDITIONS = DEBUG;
				SWIFT_OPTIMIZATION_LEVEL = "-Onone";
			};
			name = Debug;
		};
		A8B789E42474694800828258 /* Release */ = {
			isa = XCBuildConfiguration;
			buildSettings = {
				ALWAYS_SEARCH_USER_PATHS = NO;
				CLANG_ANALYZER_NONNULL = YES;
				CLANG_ANALYZER_NUMBER_OBJECT_CONVERSION = YES_AGGRESSIVE;
				CLANG_CXX_LANGUAGE_STANDARD = "gnu++14";
				CLANG_CXX_LIBRARY = "libc++";
				CLANG_ENABLE_MODULES = YES;
				CLANG_ENABLE_OBJC_ARC = YES;
				CLANG_ENABLE_OBJC_WEAK = YES;
				CLANG_WARN_BLOCK_CAPTURE_AUTORELEASING = YES;
				CLANG_WARN_BOOL_CONVERSION = YES;
				CLANG_WARN_COMMA = YES;
				CLANG_WARN_CONSTANT_CONVERSION = YES;
				CLANG_WARN_DEPRECATED_OBJC_IMPLEMENTATIONS = YES;
				CLANG_WARN_DIRECT_OBJC_ISA_USAGE = YES_ERROR;
				CLANG_WARN_DOCUMENTATION_COMMENTS = YES;
				CLANG_WARN_EMPTY_BODY = YES;
				CLANG_WARN_ENUM_CONVERSION = YES;
				CLANG_WARN_INFINITE_RECURSION = YES;
				CLANG_WARN_INT_CONVERSION = YES;
				CLANG_WARN_NON_LITERAL_NULL_CONVERSION = YES;
				CLANG_WARN_OBJC_IMPLICIT_RETAIN_SELF = YES;
				CLANG_WARN_OBJC_LITERAL_CONVERSION = YES;
				CLANG_WARN_OBJC_ROOT_CLASS = YES_ERROR;
				CLANG_WARN_RANGE_LOOP_ANALYSIS = YES;
				CLANG_WARN_STRICT_PROTOTYPES = YES;
				CLANG_WARN_SUSPICIOUS_MOVE = YES;
				CLANG_WARN_UNGUARDED_AVAILABILITY = YES_AGGRESSIVE;
				CLANG_WARN_UNREACHABLE_CODE = YES;
				CLANG_WARN__DUPLICATE_METHOD_MATCH = YES;
				COPY_PHASE_STRIP = NO;
				DEBUG_INFORMATION_FORMAT = "dwarf-with-dsym";
				ENABLE_NS_ASSERTIONS = NO;
				ENABLE_STRICT_OBJC_MSGSEND = YES;
				GCC_C_LANGUAGE_STANDARD = gnu11;
				GCC_NO_COMMON_BLOCKS = YES;
				GCC_WARN_64_TO_32_BIT_CONVERSION = YES;
				GCC_WARN_ABOUT_RETURN_TYPE = YES_ERROR;
				GCC_WARN_UNDECLARED_SELECTOR = YES;
				GCC_WARN_UNINITIALIZED_AUTOS = YES_AGGRESSIVE;
				GCC_WARN_UNUSED_FUNCTION = YES;
				GCC_WARN_UNUSED_VARIABLE = YES;
				IPHONEOS_DEPLOYMENT_TARGET = 13.2;
				MTL_ENABLE_DEBUG_INFO = NO;
				MTL_FAST_MATH = YES;
				SDKROOT = iphoneos;
				SWIFT_COMPILATION_MODE = wholemodule;
				SWIFT_OPTIMIZATION_LEVEL = "-O";
				VALIDATE_PRODUCT = YES;
			};
			name = Release;
		};
		A8B789E62474694800828258 /* Debug */ = {
			isa = XCBuildConfiguration;
			buildSettings = {
				ASSETCATALOG_COMPILER_APPICON_NAME = AppIcon;
				CODE_SIGN_STYLE = Automatic;
				DEVELOPMENT_ASSET_PATHS = "\"SwiftUICombineDemo/Preview Content\"";
				ENABLE_PREVIEWS = YES;
				INFOPLIST_FILE = SwiftUICombineDemo/Info.plist;
				LD_RUNPATH_SEARCH_PATHS = (
					"$(inherited)",
					"@executable_path/Frameworks",
				);
				PRODUCT_BUNDLE_IDENTIFIER = com.deloitte.SwiftUICombineDemo;
				PRODUCT_NAME = "$(TARGET_NAME)";
				SWIFT_VERSION = 5.0;
				TARGETED_DEVICE_FAMILY = "1,2";
			};
			name = Debug;
		};
		A8B789E72474694800828258 /* Release */ = {
			isa = XCBuildConfiguration;
			buildSettings = {
				ASSETCATALOG_COMPILER_APPICON_NAME = AppIcon;
				CODE_SIGN_STYLE = Automatic;
				DEVELOPMENT_ASSET_PATHS = "\"SwiftUICombineDemo/Preview Content\"";
				ENABLE_PREVIEWS = YES;
				INFOPLIST_FILE = SwiftUICombineDemo/Info.plist;
				LD_RUNPATH_SEARCH_PATHS = (
					"$(inherited)",
					"@executable_path/Frameworks",
				);
				PRODUCT_BUNDLE_IDENTIFIER = com.deloitte.SwiftUICombineDemo;
				PRODUCT_NAME = "$(TARGET_NAME)";
				SWIFT_VERSION = 5.0;
				TARGETED_DEVICE_FAMILY = "1,2";
			};
			name = Release;
		};
/* End XCBuildConfiguration section */

/* Begin XCConfigurationList section */
		A8B789C92474694700828258 /* Build configuration list for PBXProject "SwiftUICombineDemo" */ = {
			isa = XCConfigurationList;
			buildConfigurations = (
				A8B789E32474694800828258 /* Debug */,
				A8B789E42474694800828258 /* Release */,
			);
			defaultConfigurationIsVisible = 0;
			defaultConfigurationName = Release;
		};
		A8B789E52474694800828258 /* Build configuration list for PBXNativeTarget "SwiftUICombineDemo" */ = {
			isa = XCConfigurationList;
			buildConfigurations = (
				A8B789E62474694800828258 /* Debug */,
				A8B789E72474694800828258 /* Release */,
			);
			defaultConfigurationIsVisible = 0;
			defaultConfigurationName = Release;
		};
/* End XCConfigurationList section */

/* Begin XCVersionGroup section */
		A8B789D52474694700828258 /* SwiftUICombineDemo.xcdatamodeld */ = {
			isa = XCVersionGroup;
			children = (
				A8B789D62474694700828258 /* SwiftUICombineDemo.xcdatamodel */,
			);
			currentVersion = A8B789D62474694700828258 /* SwiftUICombineDemo.xcdatamodel */;
			path = SwiftUICombineDemo.xcdatamodeld;
			sourceTree = "<group>";
			versionGroupType = wrapper.xcdatamodel;
		};
/* End XCVersionGroup section */
	};
	rootObject = A8B789C62474694700828258 /* Project object */;
}
